
Microsoft Visual Studio Solution File, Format Version 12.00
# Visual Studio Version 17
VisualStudioVersion = 17.5.33530.505
MinimumVisualStudioVersion = 10.0.40219.1
Project("{FAE04EC0-301F-11D3-BF4B-00C04F79EFBC}") = "rpg-rewrite", "rpg-rewrite\rpg-rewrite.csproj", "{156BB115-A569-4B15-BCE9-496AB83AB412}"
EndProject
Global
	GlobalSection(SolutionConfigurationPlatforms) = preSolution
		Debug|Any CPU = Debug|Any CPU
		Release|Any CPU = Release|Any CPU
	EndGlobalSection
	GlobalSection(ProjectConfigurationPlatforms) = postSolution
		{156BB115-A569-4B15-BCE9-496AB83AB412}.Debug|Any CPU.ActiveCfg = Debug|Any CPU
		{156BB115-A569-4B15-BCE9-496AB83AB412}.Debug|Any CPU.Build.0 = Debug|Any CPU
		{156BB115-A569-4B15-BCE9-496AB83AB412}.Release|Any CPU.ActiveCfg = Release|Any CPU
		{156BB115-A569-4B15-BCE9-496AB83AB412}.Release|Any CPU.Build.0 = Release|Any CPU
	EndGlobalSection
	GlobalSection(SolutionProperties) = preSolution
		HideSolutionNode = FALSE
	EndGlobalSection
	GlobalSection(ExtensibilityGlobals) = postSolution
		SolutionGuid = {371C3A1F-679E-415F-BE86-050273A67C5D}
	EndGlobalSection
EndGlobal
